
Microsoft Visual Studio Solution File, Format Version 12.00
# Visual Studio 2012
Project("{FAE04EC0-301F-11D3-BF4B-00C04F79EFBC}") = "CocoCommand", "CocoCommand\CocoCommand.csproj", "{B320DFD7-0B49-4A4D-8EB8-992D38AD2D12}"
EndProject
Global
	GlobalSection(SolutionConfigurationPlatforms) = preSolution
		Debug|Any CPU = Debug|Any CPU
		Release|Any CPU = Release|Any CPU
	EndGlobalSection
	GlobalSection(ProjectConfigurationPlatforms) = postSolution
		{B320DFD7-0B49-4A4D-8EB8-992D38AD2D12}.Debug|Any CPU.ActiveCfg = Debug|Any CPU
		{B320DFD7-0B49-4A4D-8EB8-992D38AD2D12}.Debug|Any CPU.Build.0 = Debug|Any CPU
		{B320DFD7-0B49-4A4D-8EB8-992D38AD2D12}.Release|Any CPU.ActiveCfg = Release|Any CPU
		{B320DFD7-0B49-4A4D-8EB8-992D38AD2D12}.Release|Any CPU.Build.0 = Release|Any CPU
	EndGlobalSection
	GlobalSection(SolutionProperties) = preSolution
		HideSolutionNode = FALSE
	EndGlobalSection
EndGlobal
